<?xml version="1.0" encoding="utf-8"?>
<Project ToolsVersion="4.0" xmlns="http://schemas.microsoft.com/developer/msbuild/2003">
  <ItemGroup>
    <Filter Include="KamataEngine">
      <UniqueIdentifier>{4FC737F1-C7A5-4376-A066-2A32D752A2FF}</UniqueIdentifier>
      <Extensions>cpp;c;cc;cxx;c++;cppm;ixx;def;odl;idl;hpj;bat;asm;asmx</Extensions>
    </Filter>
    <Filter Include="KamataEngine\Source">
      <UniqueIdentifier>{d966e9f8-e880-44ae-8586-a08515e4cffc}</UniqueIdentifier>
    </Filter>
    <Filter Include="KamataEngine\Include">
      <UniqueIdentifier>{4aae4e40-94f7-4d32-9a91-c0c37a2edf0d}</UniqueIdentifier>
    </Filter>
    <Filter Include="KamataEngine\Adapter">
      <UniqueIdentifier>{c6468eb4-788b-4a83-b207-a5f4804e56c5}</UniqueIdentifier>
    </Filter>
    <Filter Include="KamataEngine\Project">
      <UniqueIdentifier>{7d5ebdde-fa72-4416-be40-0a7cb89d28ab}</UniqueIdentifier>
    </Filter>
    <Filter Include="KamataEngine\Project\Scene">
      <UniqueIdentifier>{aa059129-6d70-469b-835c-6ae4248fdc7d}</UniqueIdentifier>
    </Filter>
    <Filter Include="KamataEngine\Project\Scene\Clear">
      <UniqueIdentifier>{0eb71cd7-88db-44b4-9a73-616d068b0e94}</UniqueIdentifier>
    </Filter>
    <Filter Include="KamataEngine\Project\Scene\Title">
      <UniqueIdentifier>{2a58767e-5ea7-449b-a4fd-eebd71c9c867}</UniqueIdentifier>
    </Filter>
    <Filter Include="KamataEngine\Project\Scene\Stage">
      <UniqueIdentifier>{61dc4904-abe1-405c-8424-c8ea6071ba41}</UniqueIdentifier>
    </Filter>
    <Filter Include="KamataEngine\Project\Player">
      <UniqueIdentifier>{ceb80e03-3b68-4e11-9e30-4bc1def9698f}</UniqueIdentifier>
    </Filter>
    <Filter Include="KamataEngine\Project\Enemy">
      <UniqueIdentifier>{04e65ac3-79f8-41bb-9951-355e72a6d130}</UniqueIdentifier>
    </Filter>
  </ItemGroup>
  <ItemGroup>
    <ClCompile Include="C:\KamataEngine\DirectXGame\base\DirectXCommon.cpp">
      <Filter>KamataEngine\Source</Filter>
    </ClCompile>
    <ClCompile Include="C:\KamataEngine\DirectXGame\base\TextureManager.cpp">
      <Filter>KamataEngine\Source</Filter>
    </ClCompile>
    <ClCompile Include="C:\KamataEngine\DirectXGame\base\WinApp.cpp">
      <Filter>KamataEngine\Source</Filter>
    </ClCompile>
    <ClCompile Include="main.cpp" />
    <ClCompile Include="C:\KamataEngine\Adapter\Novice.cpp">
      <Filter>KamataEngine\Adapter</Filter>
    </ClCompile>
    <ClCompile Include="C:\KamataEngine\DirectXGame\2d\ImGuiManager.cpp">
      <Filter>KamataEngine</Filter>
    </ClCompile>
    <ClCompile Include="C:\KamataEngine\DirectXGame\base\StringUtility.cpp">
      <Filter>KamataEngine\Source</Filter>
    </ClCompile>
    <ClCompile Include="GameManager\GameManager.cpp">
      <Filter>KamataEngine\Project</Filter>
    </ClCompile>
    <ClCompile Include="C:\KamataEngine\DirectXGame\scene\GameScene.cpp">
      <Filter>KamataEngine\Project\Scene</Filter>
    </ClCompile>
    <ClCompile Include="Scene\IScene.cpp">
      <Filter>KamataEngine\Project\Scene</Filter>
    </ClCompile>
    <ClCompile Include="Scene\Clear\ClearScene.cpp">
      <Filter>KamataEngine\Project\Scene\Clear</Filter>
    </ClCompile>
    <ClCompile Include="Scene\Title\TitleScene.cpp">
      <Filter>KamataEngine\Project\Scene\Title</Filter>
    </ClCompile>
    <ClCompile Include="Scene\Stage\StageScene.cpp">
      <Filter>KamataEngine\Project\Scene\Stage</Filter>
    </ClCompile>
    <ClCompile Include="Object\Player\Player.cpp">
      <Filter>KamataEngine\Project\Player</Filter>
    </ClCompile>
    <ClCompile Include="Object\Enemy\Enemy.cpp">
      <Filter>KamataEngine\Project\Enemy</Filter>
    </ClCompile>
    <ClCompile Include="Object\Enemy\IEnemy\IEnemy.cpp">
      <Filter>KamataEngine\Project\Enemy</Filter>
    </ClCompile>
    <ClCompile Include="Object\Player\Bullet\PlayerBullet.cpp">
      <Filter>KamataEngine\Project\Player</Filter>
    </ClCompile>
    <ClCompile Include="Input\InputManager.cpp">
      <Filter>KamataEngine\Project</Filter>
    </ClCompile>
    <ClCompile Include="Object\Enemy\BlueState\EnemyBlueState.cpp">
      <Filter>KamataEngine</Filter>
    </ClCompile>
    <ClCompile Include="Object\Enemy\RedState\EnemyRedState.cpp">
      <Filter>KamataEngine</Filter>
    </ClCompile>
  </ItemGroup>
  <ItemGroup>
    <ClInclude Include="C:\KamataEngine\DirectXGame\audio\Audio.h">
      <Filter>KamataEngine\Include</Filter>
    </ClInclude>
    <ClInclude Include="C:\KamataEngine\DirectXGame\2d\DebugText.h">
      <Filter>KamataEngine\Include</Filter>
    </ClInclude>
    <ClInclude Include="C:\KamataEngine\DirectXGame\base\DirectXCommon.h">
      <Filter>KamataEngine\Include</Filter>
    </ClInclude>
    <ClInclude Include="C:\KamataEngine\DirectXGame\input\Input.h">
      <Filter>KamataEngine\Include</Filter>
    </ClInclude>
    <ClInclude Include="C:\KamataEngine\DirectXGame\3d\Model.h">
      <Filter>KamataEngine\Include</Filter>
    </ClInclude>
    <ClInclude Include="C:\KamataEngine\DirectXGame\base\SafeDelete.h">
      <Filter>KamataEngine\Include</Filter>
    </ClInclude>
    <ClInclude Include="C:\KamataEngine\DirectXGame\2d\Sprite.h">
      <Filter>KamataEngine\Include</Filter>
    </ClInclude>
    <ClInclude Include="C:\KamataEngine\DirectXGame\base\TextureManager.h">
      <Filter>KamataEngine\Include</Filter>
    </ClInclude>
    <ClInclude Include="C:\KamataEngine\DirectXGame\3d\ViewProjection.h">
      <Filter>KamataEngine\Include</Filter>
    </ClInclude>
    <ClInclude Include="C:\KamataEngine\DirectXGame\base\WinApp.h">
      <Filter>KamataEngine\Include</Filter>
    </ClInclude>
    <ClInclude Include="C:\KamataEngine\DirectXGame\3d\WorldTransform.h">
      <Filter>KamataEngine\Include</Filter>
    </ClInclude>
    <ClInclude Include="C:\KamataEngine\Adapter\Novice.h">
      <Filter>KamataEngine\Adapter</Filter>
    </ClInclude>
    <ClInclude Include="C:\KamataEngine\DirectXGame\3d\CircleShadow.h">
      <Filter>KamataEngine\Include</Filter>
    </ClInclude>
    <ClInclude Include="C:\KamataEngine\DirectXGame\3d\DebugCamera.h">
      <Filter>KamataEngine\Include</Filter>
    </ClInclude>
    <ClInclude Include="C:\KamataEngine\DirectXGame\3d\DirectionalLight.h">
      <Filter>KamataEngine\Include</Filter>
    </ClInclude>
    <ClInclude Include="C:\KamataEngine\DirectXGame\3d\LightGroup.h">
      <Filter>KamataEngine\Include</Filter>
    </ClInclude>
    <ClInclude Include="C:\KamataEngine\DirectXGame\3d\Material.h">
      <Filter>KamataEngine\Include</Filter>
    </ClInclude>
    <ClInclude Include="C:\KamataEngine\DirectXGame\3d\Mesh.h">
      <Filter>KamataEngine\Include</Filter>
    </ClInclude>
    <ClInclude Include="C:\KamataEngine\DirectXGame\3d\PointLight.h">
      <Filter>KamataEngine\Include</Filter>
    </ClInclude>
    <ClInclude Include="C:\KamataEngine\DirectXGame\3d\SpotLight.h">
      <Filter>KamataEngine\Include</Filter>
    </ClInclude>
    <ClInclude Include="C:\KamataEngine\DirectXGame\math\Matrix4x4.h" />
    <ClInclude Include="C:\KamataEngine\DirectXGame\math\Vector2.h" />
    <ClInclude Include="C:\KamataEngine\DirectXGame\math\Vector3.h" />
    <ClInclude Include="C:\KamataEngine\DirectXGame\math\Vector4.h" />
    <ClInclude Include="C:\KamataEngine\DirectXGame\2d\ImGuiManager.h" />
    <ClInclude Include="C:\KamataEngine\DirectXGame\base\StringUtility.h">
      <Filter>KamataEngine\Include</Filter>
    </ClInclude>
    <ClInclude Include="GameManager\GameManager.h">
      <Filter>KamataEngine\Project</Filter>
    </ClInclude>
    <ClInclude Include="C:\KamataEngine\DirectXGame\scene\GameScene.h">
      <Filter>KamataEngine\Project\Scene</Filter>
    </ClInclude>
    <ClInclude Include="Scene\IScene.h">
      <Filter>KamataEngine\Project\Scene</Filter>
    </ClInclude>
    <ClInclude Include="Scene\Clear\ClearScene.h">
      <Filter>KamataEngine\Project\Scene\Clear</Filter>
    </ClInclude>
    <ClInclude Include="Scene\Title\TitleScene.h">
      <Filter>KamataEngine\Project\Scene\Title</Filter>
    </ClInclude>
    <ClInclude Include="Scene\Stage\StageScene.h">
      <Filter>KamataEngine\Project\Scene\Stage</Filter>
    </ClInclude>
    <ClInclude Include="Object\Player\Player.h">
      <Filter>KamataEngine\Project\Player</Filter>
    </ClInclude>
    <ClInclude Include="Object\Enemy\Enemy.h">
      <Filter>KamataEngine\Project\Enemy</Filter>
    </ClInclude>
    <ClInclude Include="Object\Enemy\IEnemy\IEnemy.h">
      <Filter>KamataEngine\Project\Enemy</Filter>
    </ClInclude>
    <ClInclude Include="Object\Player\Bullet\PlayerBullet.h">
      <Filter>KamataEngine\Project\Player</Filter>
    </ClInclude>
    <ClInclude Include="Input\InputManager.h">
      <Filter>KamataEngine\Project</Filter>
    </ClInclude>
    <ClInclude Include="Object\Enemy\BlueState\EnemyBlueState.h" />
    <ClInclude Include="Object\Enemy\RedState\EnemyRedState.h" />
  </ItemGroup>
  <ItemGroup>
    <None Include=".editorconfig" />
  </ItemGroup>
</Project>